
Microsoft Visual Studio Solution File, Format Version 12.00
# Visual Studio Version 16
VisualStudioVersion = 16.0.30621.155
MinimumVisualStudioVersion = 10.0.40219.1
Project("{9A19103F-16F7-4668-BE54-9A1E7A4F7556}") = "Omega.Web", "Omega.Web\Omega.Web.csproj", "{F6C69E00-2F47-4E30-A96B-C53D25EADAB5}"
EndProject
Project("{2150E333-8FDC-42A3-9474-1A3956D46DE8}") = "Solution Items", "Solution Items", "{A7F38DAA-1F2E-4184-B497-90379A7AA683}"
	ProjectSection(SolutionItems) = preProject
		.gitignore = .gitignore
	EndProjectSection
EndProject
Global
	GlobalSection(SolutionConfigurationPlatforms) = preSolution
		Debug|Any CPU = Debug|Any CPU
		Release|Any CPU = Release|Any CPU
	EndGlobalSection
	GlobalSection(ProjectConfigurationPlatforms) = postSolution
		{F6C69E00-2F47-4E30-A96B-C53D25EADAB5}.Debug|Any CPU.ActiveCfg = Debug|Any CPU
		{F6C69E00-2F47-4E30-A96B-C53D25EADAB5}.Debug|Any CPU.Build.0 = Debug|Any CPU
		{F6C69E00-2F47-4E30-A96B-C53D25EADAB5}.Release|Any CPU.ActiveCfg = Release|Any CPU
		{F6C69E00-2F47-4E30-A96B-C53D25EADAB5}.Release|Any CPU.Build.0 = Release|Any CPU
	EndGlobalSection
	GlobalSection(SolutionProperties) = preSolution
		HideSolutionNode = FALSE
	EndGlobalSection
	GlobalSection(ExtensibilityGlobals) = postSolution
		SolutionGuid = {3B286D4C-EB09-412A-A600-7D59B739C984}
	EndGlobalSection
EndGlobal
